
Microsoft Visual Studio Solution File, Format Version 12.00
# Visual Studio Version 16
VisualStudioVersion = 16.0.30413.136
MinimumVisualStudioVersion = 15.0.26124.0
Project("{9A19103F-16F7-4668-BE54-9A1E7A4F7556}") = "ACForms.Web", "ACForms.Web\ACForms.Web.csproj", "{D355FC75-2D95-4658-BE38-FD406326DD0F}"
EndProject
Project("{9A19103F-16F7-4668-BE54-9A1E7A4F7556}") = "ACForms.UiPath", "ACForms.UiPath\ACForms.UiPath.csproj", "{8D13264C-50FB-4FD7-A840-F1084F6DEA73}"
EndProject
Project("{9A19103F-16F7-4668-BE54-9A1E7A4F7556}") = "ACForms.Registration", "ACForms.Registration\ACForms.Registration.csproj", "{F62DE5A5-1396-4B9C-A8F0-9D02EAAA1CE5}"
EndProject
Global
	GlobalSection(SolutionConfigurationPlatforms) = preSolution
		Debug|Any CPU = Debug|Any CPU
		Debug|x64 = Debug|x64
		Debug|x86 = Debug|x86
		Release|Any CPU = Release|Any CPU
		Release|x64 = Release|x64
		Release|x86 = Release|x86
	EndGlobalSection
	GlobalSection(ProjectConfigurationPlatforms) = postSolution
		{D355FC75-2D95-4658-BE38-FD406326DD0F}.Debug|Any CPU.ActiveCfg = Debug|Any CPU
		{D355FC75-2D95-4658-BE38-FD406326DD0F}.Debug|Any CPU.Build.0 = Debug|Any CPU
		{D355FC75-2D95-4658-BE38-FD406326DD0F}.Debug|x64.ActiveCfg = Debug|Any CPU
		{D355FC75-2D95-4658-BE38-FD406326DD0F}.Debug|x64.Build.0 = Debug|Any CPU
		{D355FC75-2D95-4658-BE38-FD406326DD0F}.Debug|x86.ActiveCfg = Debug|Any CPU
		{D355FC75-2D95-4658-BE38-FD406326DD0F}.Debug|x86.Build.0 = Debug|Any CPU
		{D355FC75-2D95-4658-BE38-FD406326DD0F}.Release|Any CPU.ActiveCfg = Release|Any CPU
		{D355FC75-2D95-4658-BE38-FD406326DD0F}.Release|Any CPU.Build.0 = Release|Any CPU
		{D355FC75-2D95-4658-BE38-FD406326DD0F}.Release|x64.ActiveCfg = Release|Any CPU
		{D355FC75-2D95-4658-BE38-FD406326DD0F}.Release|x64.Build.0 = Release|Any CPU
		{D355FC75-2D95-4658-BE38-FD406326DD0F}.Release|x86.ActiveCfg = Release|Any CPU
		{D355FC75-2D95-4658-BE38-FD406326DD0F}.Release|x86.Build.0 = Release|Any CPU
		{8D13264C-50FB-4FD7-A840-F1084F6DEA73}.Debug|Any CPU.ActiveCfg = Debug|Any CPU
		{8D13264C-50FB-4FD7-A840-F1084F6DEA73}.Debug|Any CPU.Build.0 = Debug|Any CPU
		{8D13264C-50FB-4FD7-A840-F1084F6DEA73}.Debug|x64.ActiveCfg = Debug|Any CPU
		{8D13264C-50FB-4FD7-A840-F1084F6DEA73}.Debug|x64.Build.0 = Debug|Any CPU
		{8D13264C-50FB-4FD7-A840-F1084F6DEA73}.Debug|x86.ActiveCfg = Debug|Any CPU
		{8D13264C-50FB-4FD7-A840-F1084F6DEA73}.Debug|x86.Build.0 = Debug|Any CPU
		{8D13264C-50FB-4FD7-A840-F1084F6DEA73}.Release|Any CPU.ActiveCfg = Release|Any CPU
		{8D13264C-50FB-4FD7-A840-F1084F6DEA73}.Release|Any CPU.Build.0 = Release|Any CPU
		{8D13264C-50FB-4FD7-A840-F1084F6DEA73}.Release|x64.ActiveCfg = Release|Any CPU
		{8D13264C-50FB-4FD7-A840-F1084F6DEA73}.Release|x64.Build.0 = Release|Any CPU
		{8D13264C-50FB-4FD7-A840-F1084F6DEA73}.Release|x86.ActiveCfg = Release|Any CPU
		{8D13264C-50FB-4FD7-A840-F1084F6DEA73}.Release|x86.Build.0 = Release|Any CPU
		{F62DE5A5-1396-4B9C-A8F0-9D02EAAA1CE5}.Debug|Any CPU.ActiveCfg = Debug|Any CPU
		{F62DE5A5-1396-4B9C-A8F0-9D02EAAA1CE5}.Debug|Any CPU.Build.0 = Debug|Any CPU
		{F62DE5A5-1396-4B9C-A8F0-9D02EAAA1CE5}.Debug|x64.ActiveCfg = Debug|Any CPU
		{F62DE5A5-1396-4B9C-A8F0-9D02EAAA1CE5}.Debug|x64.Build.0 = Debug|Any CPU
		{F62DE5A5-1396-4B9C-A8F0-9D02EAAA1CE5}.Debug|x86.ActiveCfg = Debug|Any CPU
		{F62DE5A5-1396-4B9C-A8F0-9D02EAAA1CE5}.Debug|x86.Build.0 = Debug|Any CPU
		{F62DE5A5-1396-4B9C-A8F0-9D02EAAA1CE5}.Release|Any CPU.ActiveCfg = Release|Any CPU
		{F62DE5A5-1396-4B9C-A8F0-9D02EAAA1CE5}.Release|Any CPU.Build.0 = Release|Any CPU
		{F62DE5A5-1396-4B9C-A8F0-9D02EAAA1CE5}.Release|x64.ActiveCfg = Release|Any CPU
		{F62DE5A5-1396-4B9C-A8F0-9D02EAAA1CE5}.Release|x64.Build.0 = Release|Any CPU
		{F62DE5A5-1396-4B9C-A8F0-9D02EAAA1CE5}.Release|x86.ActiveCfg = Release|Any CPU
		{F62DE5A5-1396-4B9C-A8F0-9D02EAAA1CE5}.Release|x86.Build.0 = Release|Any CPU
	EndGlobalSection
	GlobalSection(SolutionProperties) = preSolution
		HideSolutionNode = FALSE
	EndGlobalSection
	GlobalSection(ExtensibilityGlobals) = postSolution
		SolutionGuid = {2712C4D5-B7AB-4536-A4DF-46AA9CD10A5C}
	EndGlobalSection
EndGlobal
